// !$*UTF8*$!
{
	archiveVersion = 1;
	classes = {
	};
	objectVersion = 56;
	objects = {

/* Begin PBXBuildFile section */
		CE3538D42C45215100C4B76D /* ExtensionUIView.swift in Sources */ = {isa = PBXBuildFile; fileRef = CE3538D32C45215100C4B76D /* ExtensionUIView.swift */; };
		CE3538D62C45373200C4B76D /* UserDataProvider.swift in Sources */ = {isa = PBXBuildFile; fileRef = CE3538D52C45373200C4B76D /* UserDataProvider.swift */; };
		CE3538D92C45487000C4B76D /* ExtensionString.swift in Sources */ = {isa = PBXBuildFile; fileRef = CE3538D82C45487000C4B76D /* ExtensionString.swift */; };
		CE3538DB2C454B7500C4B76D /* ExtensionImage.swift in Sources */ = {isa = PBXBuildFile; fileRef = CE3538DA2C454B7500C4B76D /* ExtensionImage.swift */; };
		CE536F782C43CC4400D066B7 /* ExtensionUIButton.swift in Sources */ = {isa = PBXBuildFile; fileRef = CE536F772C43CC4400D066B7 /* ExtensionUIButton.swift */; };
		CE536F7A2C43CF3200D066B7 /* ExtensionUITextField.swift in Sources */ = {isa = PBXBuildFile; fileRef = CE536F792C43CF3200D066B7 /* ExtensionUITextField.swift */; };
		CE536F7C2C440B5C00D066B7 /* ExtensionAlert.swift in Sources */ = {isa = PBXBuildFile; fileRef = CE536F7B2C440B5C00D066B7 /* ExtensionAlert.swift */; };
		CE536F7E2C445FB400D066B7 /* ExtensionUILabel.swift in Sources */ = {isa = PBXBuildFile; fileRef = CE536F7D2C445FB400D066B7 /* ExtensionUILabel.swift */; };
		CE536F812C4478FD00D066B7 /* ExtensionUIViewController.swift in Sources */ = {isa = PBXBuildFile; fileRef = CE536F802C4478FD00D066B7 /* ExtensionUIViewController.swift */; };
		CE536F832C44793600D066B7 /* ViewControllerEnum.swift in Sources */ = {isa = PBXBuildFile; fileRef = CE536F822C44793600D066B7 /* ViewControllerEnum.swift */; };
		CE536F852C4479A400D066B7 /* SendFundViewController.swift in Sources */ = {isa = PBXBuildFile; fileRef = CE536F842C4479A400D066B7 /* SendFundViewController.swift */; };
		CEDAADE72C42E5E200A90F87 /* AppDelegate.swift in Sources */ = {isa = PBXBuildFile; fileRef = CEDAADE62C42E5E200A90F87 /* AppDelegate.swift */; };
		CEDAADE92C42E5E200A90F87 /* SceneDelegate.swift in Sources */ = {isa = PBXBuildFile; fileRef = CEDAADE82C42E5E200A90F87 /* SceneDelegate.swift */; };
		CEDAADEB2C42E5E200A90F87 /* SendFundOTPViewController.swift in Sources */ = {isa = PBXBuildFile; fileRef = CEDAADEA2C42E5E200A90F87 /* SendFundOTPViewController.swift */; };
		CEDAADEE2C42E5E200A90F87 /* Base in Resources */ = {isa = PBXBuildFile; fileRef = CEDAADED2C42E5E200A90F87 /* Base */; };
		CEDAADF02C42E5E300A90F87 /* Assets.xcassets in Resources */ = {isa = PBXBuildFile; fileRef = CEDAADEF2C42E5E300A90F87 /* Assets.xcassets */; };
		CEDAADF32C42E5E300A90F87 /* Base in Resources */ = {isa = PBXBuildFile; fileRef = CEDAADF22C42E5E300A90F87 /* Base */; };
		CEDAADFE2C42E5E300A90F87 /* Wind_AppTests.swift in Sources */ = {isa = PBXBuildFile; fileRef = CEDAADFD2C42E5E300A90F87 /* Wind_AppTests.swift */; };
		CEDAAE082C42E5E300A90F87 /* Wind_AppUITests.swift in Sources */ = {isa = PBXBuildFile; fileRef = CEDAAE072C42E5E300A90F87 /* Wind_AppUITests.swift */; };
		CEDAAE0A2C42E5E300A90F87 /* Wind_AppUITestsLaunchTests.swift in Sources */ = {isa = PBXBuildFile; fileRef = CEDAAE092C42E5E300A90F87 /* Wind_AppUITestsLaunchTests.swift */; };
		CEDAAE272C42F0C400A90F87 /* Circular Std Font.otf in Resources */ = {isa = PBXBuildFile; fileRef = CEDAAE242C42EE3100A90F87 /* Circular Std Font.otf */; };
		CEDAAE292C430C2E00A90F87 /* ExtensionUIFonts.swift in Sources */ = {isa = PBXBuildFile; fileRef = CEDAAE282C430C2E00A90F87 /* ExtensionUIFonts.swift */; };
		CEDAAE2B2C430C8200A90F87 /* ExtensionUIText+OTP.swift in Sources */ = {isa = PBXBuildFile; fileRef = CEDAAE2A2C430C8200A90F87 /* ExtensionUIText+OTP.swift */; };
		CEDAAE2D2C430D0B00A90F87 /* CircularStd-Bold.ttf in Resources */ = {isa = PBXBuildFile; fileRef = CEDAAE2C2C430D0B00A90F87 /* CircularStd-Bold.ttf */; };
		CEDAAE2F2C4315CF00A90F87 /* Utils.swift in Sources */ = {isa = PBXBuildFile; fileRef = CEDAAE2E2C4315CF00A90F87 /* Utils.swift */; };
		CEDAAE342C431F6D00A90F87 /* Alamofire in Frameworks */ = {isa = PBXBuildFile; productRef = CEDAAE332C431F6D00A90F87 /* Alamofire */; };
		CEDAAE362C431F7300A90F87 /* IQKeyboardManagerSwift in Frameworks */ = {isa = PBXBuildFile; productRef = CEDAAE352C431F7300A90F87 /* IQKeyboardManagerSwift */; };
		CEDAAE392C43218100A90F87 /* APIClient.swift in Sources */ = {isa = PBXBuildFile; fileRef = CEDAAE382C43218100A90F87 /* APIClient.swift */; };
		CEDAAE3B2C43218F00A90F87 /* APIConstants.swift in Sources */ = {isa = PBXBuildFile; fileRef = CEDAAE3A2C43218F00A90F87 /* APIConstants.swift */; };
		CEDAAE3D2C43219A00A90F87 /* LoginService.swift in Sources */ = {isa = PBXBuildFile; fileRef = CEDAAE3C2C43219A00A90F87 /* LoginService.swift */; };
		CEDAAE3F2C4321E400A90F87 /* LoginResponse.swift in Sources */ = {isa = PBXBuildFile; fileRef = CEDAAE3E2C4321E400A90F87 /* LoginResponse.swift */; };
		CEDAAE412C4321EF00A90F87 /* ErrorResponse.swift in Sources */ = {isa = PBXBuildFile; fileRef = CEDAAE402C4321EF00A90F87 /* ErrorResponse.swift */; };
		CEDAAE432C43220000A90F87 /* LoginViewModel.swift in Sources */ = {isa = PBXBuildFile; fileRef = CEDAAE422C43220000A90F87 /* LoginViewModel.swift */; };
		CEDAAE452C43326C00A90F87 /* ExtensionUIViewController+Keyboard.swift in Sources */ = {isa = PBXBuildFile; fileRef = CEDAAE442C43326C00A90F87 /* ExtensionUIViewController+Keyboard.swift */; };
/* End PBXBuildFile section */

/* Begin PBXContainerItemProxy section */
		CEDAADFA2C42E5E300A90F87 /* PBXContainerItemProxy */ = {
			isa = PBXContainerItemProxy;
			containerPortal = CEDAADDB2C42E5E200A90F87 /* Project object */;
			proxyType = 1;
			remoteGlobalIDString = CEDAADE22C42E5E200A90F87;
			remoteInfo = "Wind App";
		};
		CEDAAE042C42E5E300A90F87 /* PBXContainerItemProxy */ = {
			isa = PBXContainerItemProxy;
			containerPortal = CEDAADDB2C42E5E200A90F87 /* Project object */;
			proxyType = 1;
			remoteGlobalIDString = CEDAADE22C42E5E200A90F87;
			remoteInfo = "Wind App";
		};
/* End PBXContainerItemProxy section */

/* Begin PBXFileReference section */
		CE3538D32C45215100C4B76D /* ExtensionUIView.swift */ = {isa = PBXFileReference; lastKnownFileType = sourcecode.swift; path = ExtensionUIView.swift; sourceTree = "<group>"; };
		CE3538D52C45373200C4B76D /* UserDataProvider.swift */ = {isa = PBXFileReference; lastKnownFileType = sourcecode.swift; path = UserDataProvider.swift; sourceTree = "<group>"; };
		CE3538D82C45487000C4B76D /* ExtensionString.swift */ = {isa = PBXFileReference; lastKnownFileType = sourcecode.swift; path = ExtensionString.swift; sourceTree = "<group>"; };
		CE3538DA2C454B7500C4B76D /* ExtensionImage.swift */ = {isa = PBXFileReference; lastKnownFileType = sourcecode.swift; path = ExtensionImage.swift; sourceTree = "<group>"; };
		CE536F772C43CC4400D066B7 /* ExtensionUIButton.swift */ = {isa = PBXFileReference; lastKnownFileType = sourcecode.swift; path = ExtensionUIButton.swift; sourceTree = "<group>"; };
		CE536F792C43CF3200D066B7 /* ExtensionUITextField.swift */ = {isa = PBXFileReference; lastKnownFileType = sourcecode.swift; path = ExtensionUITextField.swift; sourceTree = "<group>"; };
		CE536F7B2C440B5C00D066B7 /* ExtensionAlert.swift */ = {isa = PBXFileReference; lastKnownFileType = sourcecode.swift; path = ExtensionAlert.swift; sourceTree = "<group>"; };
		CE536F7D2C445FB400D066B7 /* ExtensionUILabel.swift */ = {isa = PBXFileReference; lastKnownFileType = sourcecode.swift; path = ExtensionUILabel.swift; sourceTree = "<group>"; };
		CE536F802C4478FD00D066B7 /* ExtensionUIViewController.swift */ = {isa = PBXFileReference; lastKnownFileType = sourcecode.swift; path = ExtensionUIViewController.swift; sourceTree = "<group>"; };
		CE536F822C44793600D066B7 /* ViewControllerEnum.swift */ = {isa = PBXFileReference; lastKnownFileType = sourcecode.swift; path = ViewControllerEnum.swift; sourceTree = "<group>"; };
		CE536F842C4479A400D066B7 /* SendFundViewController.swift */ = {isa = PBXFileReference; lastKnownFileType = sourcecode.swift; path = SendFundViewController.swift; sourceTree = "<group>"; };
		CEDAADE32C42E5E200A90F87 /* Wind App.app */ = {isa = PBXFileReference; explicitFileType = wrapper.application; includeInIndex = 0; path = "Wind App.app"; sourceTree = BUILT_PRODUCTS_DIR; };
		CEDAADE62C42E5E200A90F87 /* AppDelegate.swift */ = {isa = PBXFileReference; lastKnownFileType = sourcecode.swift; path = AppDelegate.swift; sourceTree = "<group>"; };
		CEDAADE82C42E5E200A90F87 /* SceneDelegate.swift */ = {isa = PBXFileReference; lastKnownFileType = sourcecode.swift; path = SceneDelegate.swift; sourceTree = "<group>"; };
		CEDAADEA2C42E5E200A90F87 /* SendFundOTPViewController.swift */ = {isa = PBXFileReference; lastKnownFileType = sourcecode.swift; path = SendFundOTPViewController.swift; sourceTree = "<group>"; };
		CEDAADED2C42E5E200A90F87 /* Base */ = {isa = PBXFileReference; lastKnownFileType = file.storyboard; name = Base; path = Base.lproj/Main.storyboard; sourceTree = "<group>"; };
		CEDAADEF2C42E5E300A90F87 /* Assets.xcassets */ = {isa = PBXFileReference; lastKnownFileType = folder.assetcatalog; path = Assets.xcassets; sourceTree = "<group>"; };
		CEDAADF22C42E5E300A90F87 /* Base */ = {isa = PBXFileReference; lastKnownFileType = file.storyboard; name = Base; path = Base.lproj/LaunchScreen.storyboard; sourceTree = "<group>"; };
		CEDAADF42C42E5E300A90F87 /* Info.plist */ = {isa = PBXFileReference; lastKnownFileType = text.plist.xml; path = Info.plist; sourceTree = "<group>"; };
		CEDAADF92C42E5E300A90F87 /* Wind AppTests.xctest */ = {isa = PBXFileReference; explicitFileType = wrapper.cfbundle; includeInIndex = 0; path = "Wind AppTests.xctest"; sourceTree = BUILT_PRODUCTS_DIR; };
		CEDAADFD2C42E5E300A90F87 /* Wind_AppTests.swift */ = {isa = PBXFileReference; lastKnownFileType = sourcecode.swift; path = Wind_AppTests.swift; sourceTree = "<group>"; };
		CEDAAE032C42E5E300A90F87 /* Wind AppUITests.xctest */ = {isa = PBXFileReference; explicitFileType = wrapper.cfbundle; includeInIndex = 0; path = "Wind AppUITests.xctest"; sourceTree = BUILT_PRODUCTS_DIR; };
		CEDAAE072C42E5E300A90F87 /* Wind_AppUITests.swift */ = {isa = PBXFileReference; lastKnownFileType = sourcecode.swift; path = Wind_AppUITests.swift; sourceTree = "<group>"; };
		CEDAAE092C42E5E300A90F87 /* Wind_AppUITestsLaunchTests.swift */ = {isa = PBXFileReference; lastKnownFileType = sourcecode.swift; path = Wind_AppUITestsLaunchTests.swift; sourceTree = "<group>"; };
		CEDAAE242C42EE3100A90F87 /* Circular Std Font.otf */ = {isa = PBXFileReference; lastKnownFileType = file; path = "Circular Std Font.otf"; sourceTree = "<group>"; };
		CEDAAE282C430C2E00A90F87 /* ExtensionUIFonts.swift */ = {isa = PBXFileReference; lastKnownFileType = sourcecode.swift; path = ExtensionUIFonts.swift; sourceTree = "<group>"; };
		CEDAAE2A2C430C8200A90F87 /* ExtensionUIText+OTP.swift */ = {isa = PBXFileReference; lastKnownFileType = sourcecode.swift; path = "ExtensionUIText+OTP.swift"; sourceTree = "<group>"; };
		CEDAAE2C2C430D0B00A90F87 /* CircularStd-Bold.ttf */ = {isa = PBXFileReference; lastKnownFileType = file; path = "CircularStd-Bold.ttf"; sourceTree = "<group>"; };
		CEDAAE2E2C4315CF00A90F87 /* Utils.swift */ = {isa = PBXFileReference; lastKnownFileType = sourcecode.swift; path = Utils.swift; sourceTree = "<group>"; };
		CEDAAE382C43218100A90F87 /* APIClient.swift */ = {isa = PBXFileReference; lastKnownFileType = sourcecode.swift; path = APIClient.swift; sourceTree = "<group>"; };
		CEDAAE3A2C43218F00A90F87 /* APIConstants.swift */ = {isa = PBXFileReference; lastKnownFileType = sourcecode.swift; path = APIConstants.swift; sourceTree = "<group>"; };
		CEDAAE3C2C43219A00A90F87 /* LoginService.swift */ = {isa = PBXFileReference; lastKnownFileType = sourcecode.swift; path = LoginService.swift; sourceTree = "<group>"; };
		CEDAAE3E2C4321E400A90F87 /* LoginResponse.swift */ = {isa = PBXFileReference; lastKnownFileType = sourcecode.swift; path = LoginResponse.swift; sourceTree = "<group>"; };
		CEDAAE402C4321EF00A90F87 /* ErrorResponse.swift */ = {isa = PBXFileReference; lastKnownFileType = sourcecode.swift; path = ErrorResponse.swift; sourceTree = "<group>"; };
		CEDAAE422C43220000A90F87 /* LoginViewModel.swift */ = {isa = PBXFileReference; lastKnownFileType = sourcecode.swift; path = LoginViewModel.swift; sourceTree = "<group>"; };
		CEDAAE442C43326C00A90F87 /* ExtensionUIViewController+Keyboard.swift */ = {isa = PBXFileReference; lastKnownFileType = sourcecode.swift; path = "ExtensionUIViewController+Keyboard.swift"; sourceTree = "<group>"; };
/* End PBXFileReference section */

/* Begin PBXFrameworksBuildPhase section */
		CEDAADE02C42E5E200A90F87 /* Frameworks */ = {
			isa = PBXFrameworksBuildPhase;
			buildActionMask = 2147483647;
			files = (
				CEDAAE342C431F6D00A90F87 /* Alamofire in Frameworks */,
				CEDAAE362C431F7300A90F87 /* IQKeyboardManagerSwift in Frameworks */,
			);
			runOnlyForDeploymentPostprocessing = 0;
		};
		CEDAADF62C42E5E300A90F87 /* Frameworks */ = {
			isa = PBXFrameworksBuildPhase;
			buildActionMask = 2147483647;
			files = (
			);
			runOnlyForDeploymentPostprocessing = 0;
		};
		CEDAAE002C42E5E300A90F87 /* Frameworks */ = {
			isa = PBXFrameworksBuildPhase;
			buildActionMask = 2147483647;
			files = (
			);
			runOnlyForDeploymentPostprocessing = 0;
		};
/* End PBXFrameworksBuildPhase section */

/* Begin PBXGroup section */
		CEDAADDA2C42E5E200A90F87 = {
			isa = PBXGroup;
			children = (
				CEDAADE52C42E5E200A90F87 /* Wind App */,
				CEDAADFC2C42E5E300A90F87 /* Wind AppTests */,
				CEDAAE062C42E5E300A90F87 /* Wind AppUITests */,
				CEDAADE42C42E5E200A90F87 /* Products */,
				CEDAAE322C431F2A00A90F87 /* Frameworks */,
			);
			sourceTree = "<group>";
		};
		CEDAADE42C42E5E200A90F87 /* Products */ = {
			isa = PBXGroup;
			children = (
				CEDAADE32C42E5E200A90F87 /* Wind App.app */,
				CEDAADF92C42E5E300A90F87 /* Wind AppTests.xctest */,
				CEDAAE032C42E5E300A90F87 /* Wind AppUITests.xctest */,
			);
			name = Products;
			sourceTree = "<group>";
		};
		CEDAADE52C42E5E200A90F87 /* Wind App */ = {
			isa = PBXGroup;
			children = (
				CEDAAE1D2C42EBE100A90F87 /* Application */,
				CEDAAE1C2C42EBDF00A90F87 /* Constant */,
				CEDAAE1B2C42EBDB00A90F87 /* Extensions */,
				CEDAAE1A2C42EBD700A90F87 /* Utility */,
				CEDAAE192C42EBD500A90F87 /* Helper */,
				CEDAAE372C43215F00A90F87 /* Network */,
				CEDAAE182C42EBD300A90F87 /* Screen */,
				CEDAAE172C42EBD100A90F87 /* Storyboard */,
				CEDAAE162C42EBCF00A90F87 /* Resources */,
				CEDAADF42C42E5E300A90F87 /* Info.plist */,
			);
			path = "Wind App";
			sourceTree = "<group>";
		};
		CEDAADFC2C42E5E300A90F87 /* Wind AppTests */ = {
			isa = PBXGroup;
			children = (
				CEDAADFD2C42E5E300A90F87 /* Wind_AppTests.swift */,
			);
			path = "Wind AppTests";
			sourceTree = "<group>";
		};
		CEDAAE062C42E5E300A90F87 /* Wind AppUITests */ = {
			isa = PBXGroup;
			children = (
				CEDAAE072C42E5E300A90F87 /* Wind_AppUITests.swift */,
				CEDAAE092C42E5E300A90F87 /* Wind_AppUITestsLaunchTests.swift */,
			);
			path = "Wind AppUITests";
			sourceTree = "<group>";
		};
		CEDAAE162C42EBCF00A90F87 /* Resources */ = {
			isa = PBXGroup;
			children = (
				CEDAAE232C42EDBF00A90F87 /* Fonts */,
				CEDAADEF2C42E5E300A90F87 /* Assets.xcassets */,
			);
			path = Resources;
			sourceTree = "<group>";
		};
		CEDAAE172C42EBD100A90F87 /* Storyboard */ = {
			isa = PBXGroup;
			children = (
				CEDAADEC2C42E5E200A90F87 /* Main.storyboard */,
				CEDAADF12C42E5E300A90F87 /* LaunchScreen.storyboard */,
			);
			path = Storyboard;
			sourceTree = "<group>";
		};
		CEDAAE182C42EBD300A90F87 /* Screen */ = {
			isa = PBXGroup;
			children = (
				CEDAAE202C42EC5A00A90F87 /* Model */,
				CEDAAE1F2C42EC5800A90F87 /* View */,
				CEDAAE1E2C42EC5500A90F87 /* ViewModel */,
			);
			path = Screen;
			sourceTree = "<group>";
		};
		CEDAAE192C42EBD500A90F87 /* Helper */ = {
			isa = PBXGroup;
			children = (
				CE536F822C44793600D066B7 /* ViewControllerEnum.swift */,
			);
			path = Helper;
			sourceTree = "<group>";
		};
		CEDAAE1A2C42EBD700A90F87 /* Utility */ = {
			isa = PBXGroup;
			children = (
				CEDAAE2E2C4315CF00A90F87 /* Utils.swift */,
			);
			path = Utility;
			sourceTree = "<group>";
		};
		CEDAAE1B2C42EBDB00A90F87 /* Extensions */ = {
			isa = PBXGroup;
			children = (
				CEDAAE282C430C2E00A90F87 /* ExtensionUIFonts.swift */,
				CEDAAE2A2C430C8200A90F87 /* ExtensionUIText+OTP.swift */,
				CEDAAE442C43326C00A90F87 /* ExtensionUIViewController+Keyboard.swift */,
				CE536F772C43CC4400D066B7 /* ExtensionUIButton.swift */,
				CE536F792C43CF3200D066B7 /* ExtensionUITextField.swift */,
				CE536F7B2C440B5C00D066B7 /* ExtensionAlert.swift */,
				CE536F7D2C445FB400D066B7 /* ExtensionUILabel.swift */,
				CE536F802C4478FD00D066B7 /* ExtensionUIViewController.swift */,
				CE3538D32C45215100C4B76D /* ExtensionUIView.swift */,
				CE3538D82C45487000C4B76D /* ExtensionString.swift */,
				CE3538DA2C454B7500C4B76D /* ExtensionImage.swift */,
			);
			path = Extensions;
			sourceTree = "<group>";
		};
		CEDAAE1C2C42EBDF00A90F87 /* Constant */ = {
			isa = PBXGroup;
			children = (
			);
			path = Constant;
			sourceTree = "<group>";
		};
		CEDAAE1D2C42EBE100A90F87 /* Application */ = {
			isa = PBXGroup;
			children = (
				CEDAADE62C42E5E200A90F87 /* AppDelegate.swift */,
				CEDAADE82C42E5E200A90F87 /* SceneDelegate.swift */,
			);
			path = Application;
			sourceTree = "<group>";
		};
		CEDAAE1E2C42EC5500A90F87 /* ViewModel */ = {
			isa = PBXGroup;
			children = (
				CEDAAE422C43220000A90F87 /* LoginViewModel.swift */,
			);
			path = ViewModel;
			sourceTree = "<group>";
		};
		CEDAAE1F2C42EC5800A90F87 /* View */ = {
			isa = PBXGroup;
			children = (
				CEDAAE222C42EC7500A90F87 /* Controller */,
				CEDAAE212C42EC7100A90F87 /* Cell */,
			);
			path = View;
			sourceTree = "<group>";
		};
		CEDAAE202C42EC5A00A90F87 /* Model */ = {
			isa = PBXGroup;
			children = (
				CEDAAE3E2C4321E400A90F87 /* LoginResponse.swift */,
				CEDAAE402C4321EF00A90F87 /* ErrorResponse.swift */,
				CE3538D52C45373200C4B76D /* UserDataProvider.swift */,
			);
			path = Model;
			sourceTree = "<group>";
		};
		CEDAAE212C42EC7100A90F87 /* Cell */ = {
			isa = PBXGroup;
			children = (
			);
			path = Cell;
			sourceTree = "<group>";
		};
		CEDAAE222C42EC7500A90F87 /* Controller */ = {
			isa = PBXGroup;
			children = (
				CEDAADEA2C42E5E200A90F87 /* SendFundOTPViewController.swift */,
				CE536F842C4479A400D066B7 /* SendFundViewController.swift */,
			);
			path = Controller;
			sourceTree = "<group>";
		};
		CEDAAE232C42EDBF00A90F87 /* Fonts */ = {
			isa = PBXGroup;
			children = (
				CEDAAE2C2C430D0B00A90F87 /* CircularStd-Bold.ttf */,
				CEDAAE242C42EE3100A90F87 /* Circular Std Font.otf */,
			);
			path = Fonts;
			sourceTree = "<group>";
		};
		CEDAAE322C431F2A00A90F87 /* Frameworks */ = {
			isa = PBXGroup;
			children = (
			);
			name = Frameworks;
			sourceTree = "<group>";
		};
		CEDAAE372C43215F00A90F87 /* Network */ = {
			isa = PBXGroup;
			children = (
				CEDAAE382C43218100A90F87 /* APIClient.swift */,
				CEDAAE3A2C43218F00A90F87 /* APIConstants.swift */,
				CEDAAE3C2C43219A00A90F87 /* LoginService.swift */,
			);
			path = Network;
			sourceTree = "<group>";
		};
/* End PBXGroup section */

/* Begin PBXNativeTarget section */
		CEDAADE22C42E5E200A90F87 /* Wind App */ = {
			isa = PBXNativeTarget;
			buildConfigurationList = CEDAAE0D2C42E5E300A90F87 /* Build configuration list for PBXNativeTarget "Wind App" */;
			buildPhases = (
				CEDAADDF2C42E5E200A90F87 /* Sources */,
				CEDAADE02C42E5E200A90F87 /* Frameworks */,
				CEDAADE12C42E5E200A90F87 /* Resources */,
			);
			buildRules = (
			);
			dependencies = (
			);
			name = "Wind App";
			packageProductDependencies = (
				CEDAAE332C431F6D00A90F87 /* Alamofire */,
				CEDAAE352C431F7300A90F87 /* IQKeyboardManagerSwift */,
			);
			productName = "Wind App";
			productReference = CEDAADE32C42E5E200A90F87 /* Wind App.app */;
			productType = "com.apple.product-type.application";
		};
		CEDAADF82C42E5E300A90F87 /* Wind AppTests */ = {
			isa = PBXNativeTarget;
			buildConfigurationList = CEDAAE102C42E5E300A90F87 /* Build configuration list for PBXNativeTarget "Wind AppTests" */;
			buildPhases = (
				CEDAADF52C42E5E300A90F87 /* Sources */,
				CEDAADF62C42E5E300A90F87 /* Frameworks */,
				CEDAADF72C42E5E300A90F87 /* Resources */,
			);
			buildRules = (
			);
			dependencies = (
				CEDAADFB2C42E5E300A90F87 /* PBXTargetDependency */,
			);
			name = "Wind AppTests";
			productName = "Wind AppTests";
			productReference = CEDAADF92C42E5E300A90F87 /* Wind AppTests.xctest */;
			productType = "com.apple.product-type.bundle.unit-test";
		};
		CEDAAE022C42E5E300A90F87 /* Wind AppUITests */ = {
			isa = PBXNativeTarget;
			buildConfigurationList = CEDAAE132C42E5E300A90F87 /* Build configuration list for PBXNativeTarget "Wind AppUITests" */;
			buildPhases = (
				CEDAADFF2C42E5E300A90F87 /* Sources */,
				CEDAAE002C42E5E300A90F87 /* Frameworks */,
				CEDAAE012C42E5E300A90F87 /* Resources */,
			);
			buildRules = (
			);
			dependencies = (
				CEDAAE052C42E5E300A90F87 /* PBXTargetDependency */,
			);
			name = "Wind AppUITests";
			productName = "Wind AppUITests";
			productReference = CEDAAE032C42E5E300A90F87 /* Wind AppUITests.xctest */;
			productType = "com.apple.product-type.bundle.ui-testing";
		};
/* End PBXNativeTarget section */

/* Begin PBXProject section */
		CEDAADDB2C42E5E200A90F87 /* Project object */ = {
			isa = PBXProject;
			attributes = {
				BuildIndependentTargetsInParallel = 1;
				LastSwiftUpdateCheck = 1530;
				LastUpgradeCheck = 1530;
				TargetAttributes = {
					CEDAADE22C42E5E200A90F87 = {
						CreatedOnToolsVersion = 15.3;
					};
					CEDAADF82C42E5E300A90F87 = {
						CreatedOnToolsVersion = 15.3;
						TestTargetID = CEDAADE22C42E5E200A90F87;
					};
					CEDAAE022C42E5E300A90F87 = {
						CreatedOnToolsVersion = 15.3;
						TestTargetID = CEDAADE22C42E5E200A90F87;
					};
				};
			};
			buildConfigurationList = CEDAADDE2C42E5E200A90F87 /* Build configuration list for PBXProject "Wind App" */;
			compatibilityVersion = "Xcode 14.0";
			developmentRegion = en;
			hasScannedForEncodings = 0;
			knownRegions = (
				en,
				Base,
			);
			mainGroup = CEDAADDA2C42E5E200A90F87;
			packageReferences = (
				CEDAAE302C431C6300A90F87 /* XCRemoteSwiftPackageReference "IQKeyboardManager" */,
				CEDAAE312C431CA100A90F87 /* XCRemoteSwiftPackageReference "Alamofire" */,
			);
			productRefGroup = CEDAADE42C42E5E200A90F87 /* Products */;
			projectDirPath = "";
			projectRoot = "";
			targets = (
				CEDAADE22C42E5E200A90F87 /* Wind App */,
				CEDAADF82C42E5E300A90F87 /* Wind AppTests */,
				CEDAAE022C42E5E300A90F87 /* Wind AppUITests */,
			);
		};
/* End PBXProject section */

/* Begin PBXResourcesBuildPhase section */
		CEDAADE12C42E5E200A90F87 /* Resources */ = {
			isa = PBXResourcesBuildPhase;
			buildActionMask = 2147483647;
			files = (
				CEDAAE2D2C430D0B00A90F87 /* CircularStd-Bold.ttf in Resources */,
				CEDAADF02C42E5E300A90F87 /* Assets.xcassets in Resources */,
				CEDAADF32C42E5E300A90F87 /* Base in Resources */,
				CEDAADEE2C42E5E200A90F87 /* Base in Resources */,
				CEDAAE272C42F0C400A90F87 /* Circular Std Font.otf in Resources */,
			);
			runOnlyForDeploymentPostprocessing = 0;
		};
		CEDAADF72C42E5E300A90F87 /* Resources */ = {
			isa = PBXResourcesBuildPhase;
			buildActionMask = 2147483647;
			files = (
			);
			runOnlyForDeploymentPostprocessing = 0;
		};
		CEDAAE012C42E5E300A90F87 /* Resources */ = {
			isa = PBXResourcesBuildPhase;
			buildActionMask = 2147483647;
			files = (
			);
			runOnlyForDeploymentPostprocessing = 0;
		};
/* End PBXResourcesBuildPhase section */

/* Begin PBXSourcesBuildPhase section */
		CEDAADDF2C42E5E200A90F87 /* Sources */ = {
			isa = PBXSourcesBuildPhase;
			buildActionMask = 2147483647;
			files = (
				CEDAADEB2C42E5E200A90F87 /* SendFundOTPViewController.swift in Sources */,
				CE536F832C44793600D066B7 /* ViewControllerEnum.swift in Sources */,
				CEDAAE392C43218100A90F87 /* APIClient.swift in Sources */,
				CEDAAE2B2C430C8200A90F87 /* ExtensionUIText+OTP.swift in Sources */,
				CEDAADE72C42E5E200A90F87 /* AppDelegate.swift in Sources */,
				CE536F7C2C440B5C00D066B7 /* ExtensionAlert.swift in Sources */,
				CEDAAE3F2C4321E400A90F87 /* LoginResponse.swift in Sources */,
				CEDAAE3D2C43219A00A90F87 /* LoginService.swift in Sources */,
				CE3538D92C45487000C4B76D /* ExtensionString.swift in Sources */,
				CE536F7A2C43CF3200D066B7 /* ExtensionUITextField.swift in Sources */,
				CE3538D42C45215100C4B76D /* ExtensionUIView.swift in Sources */,
				CEDAAE3B2C43218F00A90F87 /* APIConstants.swift in Sources */,
				CE3538D62C45373200C4B76D /* UserDataProvider.swift in Sources */,
				CE536F7E2C445FB400D066B7 /* ExtensionUILabel.swift in Sources */,
				CEDAAE452C43326C00A90F87 /* ExtensionUIViewController+Keyboard.swift in Sources */,
				CEDAAE292C430C2E00A90F87 /* ExtensionUIFonts.swift in Sources */,
				CE536F812C4478FD00D066B7 /* ExtensionUIViewController.swift in Sources */,
				CEDAAE432C43220000A90F87 /* LoginViewModel.swift in Sources */,
				CEDAAE412C4321EF00A90F87 /* ErrorResponse.swift in Sources */,
				CE536F782C43CC4400D066B7 /* ExtensionUIButton.swift in Sources */,
				CE536F852C4479A400D066B7 /* SendFundViewController.swift in Sources */,
				CEDAADE92C42E5E200A90F87 /* SceneDelegate.swift in Sources */,
				CEDAAE2F2C4315CF00A90F87 /* Utils.swift in Sources */,
				CE3538DB2C454B7500C4B76D /* ExtensionImage.swift in Sources */,
			);
			runOnlyForDeploymentPostprocessing = 0;
		};
		CEDAADF52C42E5E300A90F87 /* Sources */ = {
			isa = PBXSourcesBuildPhase;
			buildActionMask = 2147483647;
			files = (
				CEDAADFE2C42E5E300A90F87 /* Wind_AppTests.swift in Sources */,
			);
			runOnlyForDeploymentPostprocessing = 0;
		};
		CEDAADFF2C42E5E300A90F87 /* Sources */ = {
			isa = PBXSourcesBuildPhase;
			buildActionMask = 2147483647;
			files = (
				CEDAAE0A2C42E5E300A90F87 /* Wind_AppUITestsLaunchTests.swift in Sources */,
				CEDAAE082C42E5E300A90F87 /* Wind_AppUITests.swift in Sources */,
			);
			runOnlyForDeploymentPostprocessing = 0;
		};
/* End PBXSourcesBuildPhase section */

/* Begin PBXTargetDependency section */
		CEDAADFB2C42E5E300A90F87 /* PBXTargetDependency */ = {
			isa = PBXTargetDependency;
			target = CEDAADE22C42E5E200A90F87 /* Wind App */;
			targetProxy = CEDAADFA2C42E5E300A90F87 /* PBXContainerItemProxy */;
		};
		CEDAAE052C42E5E300A90F87 /* PBXTargetDependency */ = {
			isa = PBXTargetDependency;
			target = CEDAADE22C42E5E200A90F87 /* Wind App */;
			targetProxy = CEDAAE042C42E5E300A90F87 /* PBXContainerItemProxy */;
		};
/* End PBXTargetDependency section */

/* Begin PBXVariantGroup section */
		CEDAADEC2C42E5E200A90F87 /* Main.storyboard */ = {
			isa = PBXVariantGroup;
			children = (
				CEDAADED2C42E5E200A90F87 /* Base */,
			);
			name = Main.storyboard;
			sourceTree = "<group>";
		};
		CEDAADF12C42E5E300A90F87 /* LaunchScreen.storyboard */ = {
			isa = PBXVariantGroup;
			children = (
				CEDAADF22C42E5E300A90F87 /* Base */,
			);
			name = LaunchScreen.storyboard;
			sourceTree = "<group>";
		};
/* End PBXVariantGroup section */

/* Begin XCBuildConfiguration section */
		CEDAAE0B2C42E5E300A90F87 /* Debug */ = {
			isa = XCBuildConfiguration;
			buildSettings = {
				ALWAYS_SEARCH_USER_PATHS = NO;
				ASSETCATALOG_COMPILER_GENERATE_SWIFT_ASSET_SYMBOL_EXTENSIONS = YES;
				CLANG_ANALYZER_NONNULL = YES;
				CLANG_ANALYZER_NUMBER_OBJECT_CONVERSION = YES_AGGRESSIVE;
				CLANG_CXX_LANGUAGE_STANDARD = "gnu++20";
				CLANG_ENABLE_MODULES = YES;
				CLANG_ENABLE_OBJC_ARC = YES;
				CLANG_ENABLE_OBJC_WEAK = YES;
				CLANG_WARN_BLOCK_CAPTURE_AUTORELEASING = YES;
				CLANG_WARN_BOOL_CONVERSION = YES;
				CLANG_WARN_COMMA = YES;
				CLANG_WARN_CONSTANT_CONVERSION = YES;
				CLANG_WARN_DEPRECATED_OBJC_IMPLEMENTATIONS = YES;
				CLANG_WARN_DIRECT_OBJC_ISA_USAGE = YES_ERROR;
				CLANG_WARN_DOCUMENTATION_COMMENTS = YES;
				CLANG_WARN_EMPTY_BODY = YES;
				CLANG_WARN_ENUM_CONVERSION = YES;
				CLANG_WARN_INFINITE_RECURSION = YES;
				CLANG_WARN_INT_CONVERSION = YES;
				CLANG_WARN_NON_LITERAL_NULL_CONVERSION = YES;
				CLANG_WARN_OBJC_IMPLICIT_RETAIN_SELF = YES;
				CLANG_WARN_OBJC_LITERAL_CONVERSION = YES;
				CLANG_WARN_OBJC_ROOT_CLASS = YES_ERROR;
				CLANG_WARN_QUOTED_INCLUDE_IN_FRAMEWORK_HEADER = YES;
				CLANG_WARN_RANGE_LOOP_ANALYSIS = YES;
				CLANG_WARN_STRICT_PROTOTYPES = YES;
				CLANG_WARN_SUSPICIOUS_MOVE = YES;
				CLANG_WARN_UNGUARDED_AVAILABILITY = YES_AGGRESSIVE;
				CLANG_WARN_UNREACHABLE_CODE = YES;
				CLANG_WARN__DUPLICATE_METHOD_MATCH = YES;
				COPY_PHASE_STRIP = NO;
				DEBUG_INFORMATION_FORMAT = dwarf;
				ENABLE_STRICT_OBJC_MSGSEND = YES;
				ENABLE_TESTABILITY = YES;
				ENABLE_USER_SCRIPT_SANDBOXING = YES;
				GCC_C_LANGUAGE_STANDARD = gnu17;
				GCC_DYNAMIC_NO_PIC = NO;
				GCC_NO_COMMON_BLOCKS = YES;
				GCC_OPTIMIZATION_LEVEL = 0;
				GCC_PREPROCESSOR_DEFINITIONS = (
					"DEBUG=1",
					"$(inherited)",
				);
				GCC_WARN_64_TO_32_BIT_CONVERSION = YES;
				GCC_WARN_ABOUT_RETURN_TYPE = YES_ERROR;
				GCC_WARN_UNDECLARED_SELECTOR = YES;
				GCC_WARN_UNINITIALIZED_AUTOS = YES_AGGRESSIVE;
				GCC_WARN_UNUSED_FUNCTION = YES;
				GCC_WARN_UNUSED_VARIABLE = YES;
				IPHONEOS_DEPLOYMENT_TARGET = 17.4;
				LOCALIZATION_PREFERS_STRING_CATALOGS = YES;
				MTL_ENABLE_DEBUG_INFO = INCLUDE_SOURCE;
				MTL_FAST_MATH = YES;
				ONLY_ACTIVE_ARCH = YES;
				SDKROOT = iphoneos;
				SWIFT_ACTIVE_COMPILATION_CONDITIONS = "DEBUG $(inherited)";
				SWIFT_OPTIMIZATION_LEVEL = "-Onone";
			};
			name = Debug;
		};
		CEDAAE0C2C42E5E300A90F87 /* Release */ = {
			isa = XCBuildConfiguration;
			buildSettings = {
				ALWAYS_SEARCH_USER_PATHS = NO;
				ASSETCATALOG_COMPILER_GENERATE_SWIFT_ASSET_SYMBOL_EXTENSIONS = YES;
				CLANG_ANALYZER_NONNULL = YES;
				CLANG_ANALYZER_NUMBER_OBJECT_CONVERSION = YES_AGGRESSIVE;
				CLANG_CXX_LANGUAGE_STANDARD = "gnu++20";
				CLANG_ENABLE_MODULES = YES;
				CLANG_ENABLE_OBJC_ARC = YES;
				CLANG_ENABLE_OBJC_WEAK = YES;
				CLANG_WARN_BLOCK_CAPTURE_AUTORELEASING = YES;
				CLANG_WARN_BOOL_CONVERSION = YES;
				CLANG_WARN_COMMA = YES;
				CLANG_WARN_CONSTANT_CONVERSION = YES;
				CLANG_WARN_DEPRECATED_OBJC_IMPLEMENTATIONS = YES;
				CLANG_WARN_DIRECT_OBJC_ISA_USAGE = YES_ERROR;
				CLANG_WARN_DOCUMENTATION_COMMENTS = YES;
				CLANG_WARN_EMPTY_BODY = YES;
				CLANG_WARN_ENUM_CONVERSION = YES;
				CLANG_WARN_INFINITE_RECURSION = YES;
				CLANG_WARN_INT_CONVERSION = YES;
				CLANG_WARN_NON_LITERAL_NULL_CONVERSION = YES;
				CLANG_WARN_OBJC_IMPLICIT_RETAIN_SELF = YES;
				CLANG_WARN_OBJC_LITERAL_CONVERSION = YES;
				CLANG_WARN_OBJC_ROOT_CLASS = YES_ERROR;
				CLANG_WARN_QUOTED_INCLUDE_IN_FRAMEWORK_HEADER = YES;
				CLANG_WARN_RANGE_LOOP_ANALYSIS = YES;
				CLANG_WARN_STRICT_PROTOTYPES = YES;
				CLANG_WARN_SUSPICIOUS_MOVE = YES;
				CLANG_WARN_UNGUARDED_AVAILABILITY = YES_AGGRESSIVE;
				CLANG_WARN_UNREACHABLE_CODE = YES;
				CLANG_WARN__DUPLICATE_METHOD_MATCH = YES;
				COPY_PHASE_STRIP = NO;
				DEBUG_INFORMATION_FORMAT = "dwarf-with-dsym";
				ENABLE_NS_ASSERTIONS = NO;
				ENABLE_STRICT_OBJC_MSGSEND = YES;
				ENABLE_USER_SCRIPT_SANDBOXING = YES;
				GCC_C_LANGUAGE_STANDARD = gnu17;
				GCC_NO_COMMON_BLOCKS = YES;
				GCC_WARN_64_TO_32_BIT_CONVERSION = YES;
				GCC_WARN_ABOUT_RETURN_TYPE = YES_ERROR;
				GCC_WARN_UNDECLARED_SELECTOR = YES;
				GCC_WARN_UNINITIALIZED_AUTOS = YES_AGGRESSIVE;
				GCC_WARN_UNUSED_FUNCTION = YES;
				GCC_WARN_UNUSED_VARIABLE = YES;
				IPHONEOS_DEPLOYMENT_TARGET = 17.4;
				LOCALIZATION_PREFERS_STRING_CATALOGS = YES;
				MTL_ENABLE_DEBUG_INFO = NO;
				MTL_FAST_MATH = YES;
				SDKROOT = iphoneos;
				SWIFT_COMPILATION_MODE = wholemodule;
				VALIDATE_PRODUCT = YES;
			};
			name = Release;
		};
		CEDAAE0E2C42E5E300A90F87 /* Debug */ = {
			isa = XCBuildConfiguration;
			buildSettings = {
				ASSETCATALOG_COMPILER_APPICON_NAME = AppIcon;
				ASSETCATALOG_COMPILER_GLOBAL_ACCENT_COLOR_NAME = AccentColor;
				CODE_SIGN_IDENTITY = "Apple Development";
				CODE_SIGN_STYLE = Automatic;
				CURRENT_PROJECT_VERSION = 1;
				DEVELOPMENT_TEAM = 935863JX48;
				GENERATE_INFOPLIST_FILE = YES;
				INFOPLIST_FILE = "Wind App/Info.plist";
				INFOPLIST_KEY_UIApplicationSupportsIndirectInputEvents = YES;
				INFOPLIST_KEY_UILaunchStoryboardName = LaunchScreen;
				INFOPLIST_KEY_UIMainStoryboardFile = Main;
				INFOPLIST_KEY_UISupportedInterfaceOrientations_iPad = "UIInterfaceOrientationPortrait UIInterfaceOrientationPortraitUpsideDown UIInterfaceOrientationLandscapeLeft UIInterfaceOrientationLandscapeRight";
				INFOPLIST_KEY_UISupportedInterfaceOrientations_iPhone = "UIInterfaceOrientationPortrait UIInterfaceOrientationLandscapeLeft UIInterfaceOrientationLandscapeRight";
				IPHONEOS_DEPLOYMENT_TARGET = 14.0;
				LD_RUNPATH_SEARCH_PATHS = (
					"$(inherited)",
					"@executable_path/Frameworks",
				);
				MARKETING_VERSION = 1.0;
				PRODUCT_BUNDLE_IDENTIFIER = "com.FinanceApp.rashed.Wind-App";
				PRODUCT_NAME = "$(TARGET_NAME)";
				PROVISIONING_PROFILE_SPECIFIER = "";
				SWIFT_EMIT_LOC_STRINGS = YES;
				SWIFT_VERSION = 5.0;
				TARGETED_DEVICE_FAMILY = "1,2";
			};
			name = Debug;
		};
		CEDAAE0F2C42E5E300A90F87 /* Release */ = {
			isa = XCBuildConfiguration;
			buildSettings = {
				ASSETCATALOG_COMPILER_APPICON_NAME = AppIcon;
				ASSETCATALOG_COMPILER_GLOBAL_ACCENT_COLOR_NAME = AccentColor;
				CODE_SIGN_IDENTITY = "Apple Development";
				CODE_SIGN_STYLE = Automatic;
				CURRENT_PROJECT_VERSION = 1;
				DEVELOPMENT_TEAM = 935863JX48;
				GENERATE_INFOPLIST_FILE = YES;
				INFOPLIST_FILE = "Wind App/Info.plist";
				INFOPLIST_KEY_UIApplicationSupportsIndirectInputEvents = YES;
				INFOPLIST_KEY_UILaunchStoryboardName = LaunchScreen;
				INFOPLIST_KEY_UIMainStoryboardFile = Main;
				INFOPLIST_KEY_UISupportedInterfaceOrientations_iPad = "UIInterfaceOrientationPortrait UIInterfaceOrientationPortraitUpsideDown UIInterfaceOrientationLandscapeLeft UIInterfaceOrientationLandscapeRight";
				INFOPLIST_KEY_UISupportedInterfaceOrientations_iPhone = "UIInterfaceOrientationPortrait UIInterfaceOrientationLandscapeLeft UIInterfaceOrientationLandscapeRight";
				IPHONEOS_DEPLOYMENT_TARGET = 14.0;
				LD_RUNPATH_SEARCH_PATHS = (
					"$(inherited)",
					"@executable_path/Frameworks",
				);
				MARKETING_VERSION = 1.0;
				PRODUCT_BUNDLE_IDENTIFIER = "com.FinanceApp.rashed.Wind-App";
				PRODUCT_NAME = "$(TARGET_NAME)";
				PROVISIONING_PROFILE_SPECIFIER = "";
				SWIFT_EMIT_LOC_STRINGS = YES;
				SWIFT_VERSION = 5.0;
				TARGETED_DEVICE_FAMILY = "1,2";
			};
			name = Release;
		};
		CEDAAE112C42E5E300A90F87 /* Debug */ = {
			isa = XCBuildConfiguration;
			buildSettings = {
				ALWAYS_EMBED_SWIFT_STANDARD_LIBRARIES = YES;
				BUNDLE_LOADER = "$(TEST_HOST)";
				CODE_SIGN_STYLE = Automatic;
				CURRENT_PROJECT_VERSION = 1;
				DEVELOPMENT_TEAM = 446HQB2H3T;
				GENERATE_INFOPLIST_FILE = YES;
				IPHONEOS_DEPLOYMENT_TARGET = 17.4;
				MARKETING_VERSION = 1.0;
				PRODUCT_BUNDLE_IDENTIFIER = "com.FinanceApp.rashed.Wind-AppTests";
				PRODUCT_NAME = "$(TARGET_NAME)";
				SWIFT_EMIT_LOC_STRINGS = NO;
				SWIFT_VERSION = 5.0;
				TARGETED_DEVICE_FAMILY = "1,2";
				TEST_HOST = "$(BUILT_PRODUCTS_DIR)/Wind App.app/$(BUNDLE_EXECUTABLE_FOLDER_PATH)/Wind App";
			};
			name = Debug;
		};
		CEDAAE122C42E5E300A90F87 /* Release */ = {
			isa = XCBuildConfiguration;
			buildSettings = {
				ALWAYS_EMBED_SWIFT_STANDARD_LIBRARIES = YES;
				BUNDLE_LOADER = "$(TEST_HOST)";
				CODE_SIGN_STYLE = Automatic;
				CURRENT_PROJECT_VERSION = 1;
				DEVELOPMENT_TEAM = 446HQB2H3T;
				GENERATE_INFOPLIST_FILE = YES;
				IPHONEOS_DEPLOYMENT_TARGET = 17.4;
				MARKETING_VERSION = 1.0;
				PRODUCT_BUNDLE_IDENTIFIER = "com.FinanceApp.rashed.Wind-AppTests";
				PRODUCT_NAME = "$(TARGET_NAME)";
				SWIFT_EMIT_LOC_STRINGS = NO;
				SWIFT_VERSION = 5.0;
				TARGETED_DEVICE_FAMILY = "1,2";
				TEST_HOST = "$(BUILT_PRODUCTS_DIR)/Wind App.app/$(BUNDLE_EXECUTABLE_FOLDER_PATH)/Wind App";
			};
			name = Release;
		};
		CEDAAE142C42E5E300A90F87 /* Debug */ = {
			isa = XCBuildConfiguration;
			buildSettings = {
				ALWAYS_EMBED_SWIFT_STANDARD_LIBRARIES = YES;
				CODE_SIGN_STYLE = Automatic;
				CURRENT_PROJECT_VERSION = 1;
				DEVELOPMENT_TEAM = 446HQB2H3T;
				GENERATE_INFOPLIST_FILE = YES;
				MARKETING_VERSION = 1.0;
				PRODUCT_BUNDLE_IDENTIFIER = "com.FinanceApp.rashed.Wind-AppUITests";
				PRODUCT_NAME = "$(TARGET_NAME)";
				SWIFT_EMIT_LOC_STRINGS = NO;
				SWIFT_VERSION = 5.0;
				TARGETED_DEVICE_FAMILY = "1,2";
				TEST_TARGET_NAME = "Wind App";
			};
			name = Debug;
		};
		CEDAAE152C42E5E300A90F87 /* Release */ = {
			isa = XCBuildConfiguration;
			buildSettings = {
				ALWAYS_EMBED_SWIFT_STANDARD_LIBRARIES = YES;
				CODE_SIGN_STYLE = Automatic;
				CURRENT_PROJECT_VERSION = 1;
				DEVELOPMENT_TEAM = 446HQB2H3T;
				GENERATE_INFOPLIST_FILE = YES;
				MARKETING_VERSION = 1.0;
				PRODUCT_BUNDLE_IDENTIFIER = "com.FinanceApp.rashed.Wind-AppUITests";
				PRODUCT_NAME = "$(TARGET_NAME)";
				SWIFT_EMIT_LOC_STRINGS = NO;
				SWIFT_VERSION = 5.0;
				TARGETED_DEVICE_FAMILY = "1,2";
				TEST_TARGET_NAME = "Wind App";
			};
			name = Release;
		};
/* End XCBuildConfiguration section */

/* Begin XCConfigurationList section */
		CEDAADDE2C42E5E200A90F87 /* Build configuration list for PBXProject "Wind App" */ = {
			isa = XCConfigurationList;
			buildConfigurations = (
				CEDAAE0B2C42E5E300A90F87 /* Debug */,
				CEDAAE0C2C42E5E300A90F87 /* Release */,
			);
			defaultConfigurationIsVisible = 0;
			defaultConfigurationName = Release;
		};
		CEDAAE0D2C42E5E300A90F87 /* Build configuration list for PBXNativeTarget "Wind App" */ = {
			isa = XCConfigurationList;
			buildConfigurations = (
				CEDAAE0E2C42E5E300A90F87 /* Debug */,
				CEDAAE0F2C42E5E300A90F87 /* Release */,
			);
			defaultConfigurationIsVisible = 0;
			defaultConfigurationName = Release;
		};
		CEDAAE102C42E5E300A90F87 /* Build configuration list for PBXNativeTarget "Wind AppTests" */ = {
			isa = XCConfigurationList;
			buildConfigurations = (
				CEDAAE112C42E5E300A90F87 /* Debug */,
				CEDAAE122C42E5E300A90F87 /* Release */,
			);
			defaultConfigurationIsVisible = 0;
			defaultConfigurationName = Release;
		};
		CEDAAE132C42E5E300A90F87 /* Build configuration list for PBXNativeTarget "Wind AppUITests" */ = {
			isa = XCConfigurationList;
			buildConfigurations = (
				CEDAAE142C42E5E300A90F87 /* Debug */,
				CEDAAE152C42E5E300A90F87 /* Release */,
			);
			defaultConfigurationIsVisible = 0;
			defaultConfigurationName = Release;
		};
/* End XCConfigurationList section */

/* Begin XCRemoteSwiftPackageReference section */
		CEDAAE302C431C6300A90F87 /* XCRemoteSwiftPackageReference "IQKeyboardManager" */ = {
			isa = XCRemoteSwiftPackageReference;
			repositoryURL = "https://github.com/hackiftekhar/IQKeyboardManager.git";
			requirement = {
				kind = upToNextMajorVersion;
				minimumVersion = 7.0.3;
			};
		};
		CEDAAE312C431CA100A90F87 /* XCRemoteSwiftPackageReference "Alamofire" */ = {
			isa = XCRemoteSwiftPackageReference;
			repositoryURL = "https://github.com/Alamofire/Alamofire.git";
			requirement = {
				kind = upToNextMajorVersion;
				minimumVersion = 5.9.1;
			};
		};
/* End XCRemoteSwiftPackageReference section */

/* Begin XCSwiftPackageProductDependency section */
		CEDAAE332C431F6D00A90F87 /* Alamofire */ = {
			isa = XCSwiftPackageProductDependency;
			package = CEDAAE312C431CA100A90F87 /* XCRemoteSwiftPackageReference "Alamofire" */;
			productName = Alamofire;
		};
		CEDAAE352C431F7300A90F87 /* IQKeyboardManagerSwift */ = {
			isa = XCSwiftPackageProductDependency;
			package = CEDAAE302C431C6300A90F87 /* XCRemoteSwiftPackageReference "IQKeyboardManager" */;
			productName = IQKeyboardManagerSwift;
		};
/* End XCSwiftPackageProductDependency section */
	};
	rootObject = CEDAADDB2C42E5E200A90F87 /* Project object */;
}
